// !$*UTF8*$!
{
	archiveVersion = 1;
	classes = {
	};
	objectVersion = 55;
	objects = {

/* Begin PBXBuildFile section */
		05879B192898FA2700038974 /* AppDelegate.swift in Sources */ = {isa = PBXBuildFile; fileRef = 05879B182898FA2700038974 /* AppDelegate.swift */; };
		05879B1B2898FA2700038974 /* SceneDelegate.swift in Sources */ = {isa = PBXBuildFile; fileRef = 05879B1A2898FA2700038974 /* SceneDelegate.swift */; };
		05879B1D2898FA2700038974 /* UserViewController.swift in Sources */ = {isa = PBXBuildFile; fileRef = 05879B1C2898FA2700038974 /* UserViewController.swift */; };
		05879B202898FA2700038974 /* Main.storyboard in Resources */ = {isa = PBXBuildFile; fileRef = 05879B1E2898FA2700038974 /* Main.storyboard */; };
		05879B222898FA2800038974 /* Assets.xcassets in Resources */ = {isa = PBXBuildFile; fileRef = 05879B212898FA2800038974 /* Assets.xcassets */; };
		05879B252898FA2800038974 /* LaunchScreen.storyboard in Resources */ = {isa = PBXBuildFile; fileRef = 05879B232898FA2800038974 /* LaunchScreen.storyboard */; };
		05879B3428993F3000038974 /* UserTableViewCell.swift in Sources */ = {isa = PBXBuildFile; fileRef = 05879B3228993F2F00038974 /* UserTableViewCell.swift */; };
		05879B3528993F3000038974 /* UserTableViewCell.xib in Resources */ = {isa = PBXBuildFile; fileRef = 05879B3328993F3000038974 /* UserTableViewCell.xib */; };
/* End PBXBuildFile section */

/* Begin PBXFileReference section */
		05879B152898FA2600038974 /* DequeueReusableCell.app */ = {isa = PBXFileReference; explicitFileType = wrapper.application; includeInIndex = 0; path = DequeueReusableCell.app; sourceTree = BUILT_PRODUCTS_DIR; };
		05879B182898FA2700038974 /* AppDelegate.swift */ = {isa = PBXFileReference; lastKnownFileType = sourcecode.swift; path = AppDelegate.swift; sourceTree = "<group>"; };
		05879B1A2898FA2700038974 /* SceneDelegate.swift */ = {isa = PBXFileReference; lastKnownFileType = sourcecode.swift; path = SceneDelegate.swift; sourceTree = "<group>"; };
		05879B1C2898FA2700038974 /* UserViewController.swift */ = {isa = PBXFileReference; lastKnownFileType = sourcecode.swift; path = UserViewController.swift; sourceTree = "<group>"; };
		05879B1F2898FA2700038974 /* Base */ = {isa = PBXFileReference; lastKnownFileType = file.storyboard; name = Base; path = Base.lproj/Main.storyboard; sourceTree = "<group>"; };
		05879B212898FA2800038974 /* Assets.xcassets */ = {isa = PBXFileReference; lastKnownFileType = folder.assetcatalog; path = Assets.xcassets; sourceTree = "<group>"; };
		05879B242898FA2800038974 /* Base */ = {isa = PBXFileReference; lastKnownFileType = file.storyboard; name = Base; path = Base.lproj/LaunchScreen.storyboard; sourceTree = "<group>"; };
		05879B262898FA2800038974 /* Info.plist */ = {isa = PBXFileReference; lastKnownFileType = text.plist.xml; path = Info.plist; sourceTree = "<group>"; };
		05879B3228993F2F00038974 /* UserTableViewCell.swift */ = {isa = PBXFileReference; lastKnownFileType = sourcecode.swift; path = UserTableViewCell.swift; sourceTree = "<group>"; };
		05879B3328993F3000038974 /* UserTableViewCell.xib */ = {isa = PBXFileReference; lastKnownFileType = file.xib; path = UserTableViewCell.xib; sourceTree = "<group>"; };
/* End PBXFileReference section */

/* Begin PBXFrameworksBuildPhase section */
		05879B122898FA2600038974 /* Frameworks */ = {
			isa = PBXFrameworksBuildPhase;
			buildActionMask = 2147483647;
			files = (
			);
			runOnlyForDeploymentPostprocessing = 0;
		};
/* End PBXFrameworksBuildPhase section */

/* Begin PBXGroup section */
		05879B0C2898FA2600038974 = {
			isa = PBXGroup;
			children = (
				05879B172898FA2600038974 /* DequeueReusableCell */,
				05879B162898FA2600038974 /* Products */,
			);
			sourceTree = "<group>";
		};
		05879B162898FA2600038974 /* Products */ = {
			isa = PBXGroup;
			children = (
				05879B152898FA2600038974 /* DequeueReusableCell.app */,
			);
			name = Products;
			sourceTree = "<group>";
		};
		05879B172898FA2600038974 /* DequeueReusableCell */ = {
			isa = PBXGroup;
			children = (
				05879B2C2898FA9700038974 /* Application */,
				05879B302898FB6E00038974 /* View */,
				05879B2F2898FB1200038974 /* Assets */,
				05879B1E2898FA2700038974 /* Main.storyboard */,
				05879B232898FA2800038974 /* LaunchScreen.storyboard */,
				05879B262898FA2800038974 /* Info.plist */,
			);
			path = DequeueReusableCell;
			sourceTree = "<group>";
		};
		05879B2C2898FA9700038974 /* Application */ = {
			isa = PBXGroup;
			children = (
				05879B182898FA2700038974 /* AppDelegate.swift */,
				05879B1A2898FA2700038974 /* SceneDelegate.swift */,
			);
			path = Application;
			sourceTree = "<group>";
		};
		05879B2F2898FB1200038974 /* Assets */ = {
			isa = PBXGroup;
			children = (
				05879B212898FA2800038974 /* Assets.xcassets */,
			);
			path = Assets;
			sourceTree = "<group>";
		};
		05879B302898FB6E00038974 /* View */ = {
			isa = PBXGroup;
			children = (
				05879B312899332A00038974 /* Cell */,
				05879B1C2898FA2700038974 /* UserViewController.swift */,
			);
			path = View;
			sourceTree = "<group>";
		};
		05879B312899332A00038974 /* Cell */ = {
			isa = PBXGroup;
			children = (
				05879B3228993F2F00038974 /* UserTableViewCell.swift */,
				05879B3328993F3000038974 /* UserTableViewCell.xib */,
			);
			path = Cell;
			sourceTree = "<group>";
		};
/* End PBXGroup section */

/* Begin PBXNativeTarget section */
		05879B142898FA2600038974 /* DequeueReusableCell */ = {
			isa = PBXNativeTarget;
			buildConfigurationList = 05879B292898FA2800038974 /* Build configuration list for PBXNativeTarget "DequeueReusableCell" */;
			buildPhases = (
				05879B112898FA2600038974 /* Sources */,
				05879B122898FA2600038974 /* Frameworks */,
				05879B132898FA2600038974 /* Resources */,
			);
			buildRules = (
			);
			dependencies = (
			);
			name = DequeueReusableCell;
			productName = DequeueReusableCell;
			productReference = 05879B152898FA2600038974 /* DequeueReusableCell.app */;
			productType = "com.apple.product-type.application";
		};
/* End PBXNativeTarget section */

/* Begin PBXProject section */
		05879B0D2898FA2600038974 /* Project object */ = {
			isa = PBXProject;
			attributes = {
				BuildIndependentTargetsInParallel = 1;
				LastSwiftUpdateCheck = 1340;
				LastUpgradeCheck = 1340;
				TargetAttributes = {
					05879B142898FA2600038974 = {
						CreatedOnToolsVersion = 13.4.1;
					};
				};
			};
			buildConfigurationList = 05879B102898FA2600038974 /* Build configuration list for PBXProject "DequeueReusableCell" */;
			compatibilityVersion = "Xcode 13.0";
			developmentRegion = en;
			hasScannedForEncodings = 0;
			knownRegions = (
				en,
				Base,
			);
			mainGroup = 05879B0C2898FA2600038974;
			productRefGroup = 05879B162898FA2600038974 /* Products */;
			projectDirPath = "";
			projectRoot = "";
			targets = (
				05879B142898FA2600038974 /* DequeueReusableCell */,
			);
		};
/* End PBXProject section */

/* Begin PBXResourcesBuildPhase section */
		05879B132898FA2600038974 /* Resources */ = {
			isa = PBXResourcesBuildPhase;
			buildActionMask = 2147483647;
			files = (
				05879B3528993F3000038974 /* UserTableViewCell.xib in Resources */,
				05879B252898FA2800038974 /* LaunchScreen.storyboard in Resources */,
				05879B222898FA2800038974 /* Assets.xcassets in Resources */,
				05879B202898FA2700038974 /* Main.storyboard in Resources */,
			);
			runOnlyForDeploymentPostprocessing = 0;
		};
/* End PBXResourcesBuildPhase section */

/* Begin PBXSourcesBuildPhase section */
		05879B112898FA2600038974 /* Sources */ = {
			isa = PBXSourcesBuildPhase;
			buildActionMask = 2147483647;
			files = (
				05879B3428993F3000038974 /* UserTableViewCell.swift in Sources */,
				05879B1D2898FA2700038974 /* UserViewController.swift in Sources */,
				05879B192898FA2700038974 /* AppDelegate.swift in Sources */,
				05879B1B2898FA2700038974 /* SceneDelegate.swift in Sources */,
			);
			runOnlyForDeploymentPostprocessing = 0;
		};
/* End PBXSourcesBuildPhase section */

/* Begin PBXVariantGroup section */
		05879B1E2898FA2700038974 /* Main.storyboard */ = {
			isa = PBXVariantGroup;
			children = (
				05879B1F2898FA2700038974 /* Base */,
			);
			name = Main.storyboard;
			sourceTree = "<group>";
		};
		05879B232898FA2800038974 /* LaunchScreen.storyboard */ = {
			isa = PBXVariantGroup;
			children = (
				05879B242898FA2800038974 /* Base */,
			);
			name = LaunchScreen.storyboard;
			sourceTree = "<group>";
		};
/* End PBXVariantGroup section */

/* Begin XCBuildConfiguration section */
		05879B272898FA2800038974 /* Debug */ = {
			isa = XCBuildConfiguration;
			buildSettings = {
				ALWAYS_SEARCH_USER_PATHS = NO;
				CLANG_ANALYZER_NONNULL = YES;
				CLANG_ANALYZER_NUMBER_OBJECT_CONVERSION = YES_AGGRESSIVE;
				CLANG_CXX_LANGUAGE_STANDARD = "gnu++17";
				CLANG_ENABLE_MODULES = YES;
				CLANG_ENABLE_OBJC_ARC = YES;
				CLANG_ENABLE_OBJC_WEAK = YES;
				CLANG_WARN_BLOCK_CAPTURE_AUTORELEASING = YES;
				CLANG_WARN_BOOL_CONVERSION = YES;
				CLANG_WARN_COMMA = YES;
				CLANG_WARN_CONSTANT_CONVERSION = YES;
				CLANG_WARN_DEPRECATED_OBJC_IMPLEMENTATIONS = YES;
				CLANG_WARN_DIRECT_OBJC_ISA_USAGE = YES_ERROR;
				CLANG_WARN_DOCUMENTATION_COMMENTS = YES;
				CLANG_WARN_EMPTY_BODY = YES;
				CLANG_WARN_ENUM_CONVERSION = YES;
				CLANG_WARN_INFINITE_RECURSION = YES;
				CLANG_WARN_INT_CONVERSION = YES;
				CLANG_WARN_NON_LITERAL_NULL_CONVERSION = YES;
				CLANG_WARN_OBJC_IMPLICIT_RETAIN_SELF = YES;
				CLANG_WARN_OBJC_LITERAL_CONVERSION = YES;
				CLANG_WARN_OBJC_ROOT_CLASS = YES_ERROR;
				CLANG_WARN_QUOTED_INCLUDE_IN_FRAMEWORK_HEADER = YES;
				CLANG_WARN_RANGE_LOOP_ANALYSIS = YES;
				CLANG_WARN_STRICT_PROTOTYPES = YES;
				CLANG_WARN_SUSPICIOUS_MOVE = YES;
				CLANG_WARN_UNGUARDED_AVAILABILITY = YES_AGGRESSIVE;
				CLANG_WARN_UNREACHABLE_CODE = YES;
				CLANG_WARN__DUPLICATE_METHOD_MATCH = YES;
				COPY_PHASE_STRIP = NO;
				DEBUG_INFORMATION_FORMAT = dwarf;
				ENABLE_STRICT_OBJC_MSGSEND = YES;
				ENABLE_TESTABILITY = YES;
				GCC_C_LANGUAGE_STANDARD = gnu11;
				GCC_DYNAMIC_NO_PIC = NO;
				GCC_NO_COMMON_BLOCKS = YES;
				GCC_OPTIMIZATION_LEVEL = 0;
				GCC_PREPROCESSOR_DEFINITIONS = (
					"DEBUG=1",
					"$(inherited)",
				);
				GCC_WARN_64_TO_32_BIT_CONVERSION = YES;
				GCC_WARN_ABOUT_RETURN_TYPE = YES_ERROR;
				GCC_WARN_UNDECLARED_SELECTOR = YES;
				GCC_WARN_UNINITIALIZED_AUTOS = YES_AGGRESSIVE;
				GCC_WARN_UNUSED_FUNCTION = YES;
				GCC_WARN_UNUSED_VARIABLE = YES;
				IPHONEOS_DEPLOYMENT_TARGET = 15.5;
				MTL_ENABLE_DEBUG_INFO = INCLUDE_SOURCE;
				MTL_FAST_MATH = YES;
				ONLY_ACTIVE_ARCH = YES;
				SDKROOT = iphoneos;
				SWIFT_ACTIVE_COMPILATION_CONDITIONS = DEBUG;
				SWIFT_OPTIMIZATION_LEVEL = "-Onone";
			};
			name = Debug;
		};
		05879B282898FA2800038974 /* Release */ = {
			isa = XCBuildConfiguration;
			buildSettings = {
				ALWAYS_SEARCH_USER_PATHS = NO;
				CLANG_ANALYZER_NONNULL = YES;
				CLANG_ANALYZER_NUMBER_OBJECT_CONVERSION = YES_AGGRESSIVE;
				CLANG_CXX_LANGUAGE_STANDARD = "gnu++17";
				CLANG_ENABLE_MODULES = YES;
				CLANG_ENABLE_OBJC_ARC = YES;
				CLANG_ENABLE_OBJC_WEAK = YES;
				CLANG_WARN_BLOCK_CAPTURE_AUTORELEASING = YES;
				CLANG_WARN_BOOL_CONVERSION = YES;
				CLANG_WARN_COMMA = YES;
				CLANG_WARN_CONSTANT_CONVERSION = YES;
				CLANG_WARN_DEPRECATED_OBJC_IMPLEMENTATIONS = YES;
				CLANG_WARN_DIRECT_OBJC_ISA_USAGE = YES_ERROR;
				CLANG_WARN_DOCUMENTATION_COMMENTS = YES;
				CLANG_WARN_EMPTY_BODY = YES;
				CLANG_WARN_ENUM_CONVERSION = YES;
				CLANG_WARN_INFINITE_RECURSION = YES;
				CLANG_WARN_INT_CONVERSION = YES;
				CLANG_WARN_NON_LITERAL_NULL_CONVERSION = YES;
				CLANG_WARN_OBJC_IMPLICIT_RETAIN_SELF = YES;
				CLANG_WARN_OBJC_LITERAL_CONVERSION = YES;
				CLANG_WARN_OBJC_ROOT_CLASS = YES_ERROR;
				CLANG_WARN_QUOTED_INCLUDE_IN_FRAMEWORK_HEADER = YES;
				CLANG_WARN_RANGE_LOOP_ANALYSIS = YES;
				CLANG_WARN_STRICT_PROTOTYPES = YES;
				CLANG_WARN_SUSPICIOUS_MOVE = YES;
				CLANG_WARN_UNGUARDED_AVAILABILITY = YES_AGGRESSIVE;
				CLANG_WARN_UNREACHABLE_CODE = YES;
				CLANG_WARN__DUPLICATE_METHOD_MATCH = YES;
				COPY_PHASE_STRIP = NO;
				DEBUG_INFORMATION_FORMAT = "dwarf-with-dsym";
				ENABLE_NS_ASSERTIONS = NO;
				ENABLE_STRICT_OBJC_MSGSEND = YES;
				GCC_C_LANGUAGE_STANDARD = gnu11;
				GCC_NO_COMMON_BLOCKS = YES;
				GCC_WARN_64_TO_32_BIT_CONVERSION = YES;
				GCC_WARN_ABOUT_RETURN_TYPE = YES_ERROR;
				GCC_WARN_UNDECLARED_SELECTOR = YES;
				GCC_WARN_UNINITIALIZED_AUTOS = YES_AGGRESSIVE;
				GCC_WARN_UNUSED_FUNCTION = YES;
				GCC_WARN_UNUSED_VARIABLE = YES;
				IPHONEOS_DEPLOYMENT_TARGET = 15.5;
				MTL_ENABLE_DEBUG_INFO = NO;
				MTL_FAST_MATH = YES;
				SDKROOT = iphoneos;
				SWIFT_COMPILATION_MODE = wholemodule;
				SWIFT_OPTIMIZATION_LEVEL = "-O";
				VALIDATE_PRODUCT = YES;
			};
			name = Release;
		};
		05879B2A2898FA2800038974 /* Debug */ = {
			isa = XCBuildConfiguration;
			buildSettings = {
				ASSETCATALOG_COMPILER_APPICON_NAME = AppIcon;
				ASSETCATALOG_COMPILER_GLOBAL_ACCENT_COLOR_NAME = AccentColor;
				CODE_SIGN_STYLE = Automatic;
				CURRENT_PROJECT_VERSION = 1;
				DEVELOPMENT_TEAM = 9N95K69VQT;
				GENERATE_INFOPLIST_FILE = YES;
				INFOPLIST_FILE = DequeueReusableCell/Info.plist;
				INFOPLIST_KEY_UIApplicationSupportsIndirectInputEvents = YES;
				INFOPLIST_KEY_UILaunchStoryboardName = LaunchScreen;
				INFOPLIST_KEY_UIMainStoryboardFile = Main;
				INFOPLIST_KEY_UISupportedInterfaceOrientations_iPad = "UIInterfaceOrientationPortrait UIInterfaceOrientationPortraitUpsideDown UIInterfaceOrientationLandscapeLeft UIInterfaceOrientationLandscapeRight";
				INFOPLIST_KEY_UISupportedInterfaceOrientations_iPhone = "UIInterfaceOrientationPortrait UIInterfaceOrientationLandscapeLeft UIInterfaceOrientationLandscapeRight";
				LD_RUNPATH_SEARCH_PATHS = (
					"$(inherited)",
					"@executable_path/Frameworks",
				);
				MARKETING_VERSION = 1.0;
				PRODUCT_BUNDLE_IDENTIFIER = AkbarKhan.DequeueReusableCell;
				PRODUCT_NAME = "$(TARGET_NAME)";
				SWIFT_EMIT_LOC_STRINGS = YES;
				SWIFT_VERSION = 5.0;
				TARGETED_DEVICE_FAMILY = "1,2";
			};
			name = Debug;
		};
		05879B2B2898FA2800038974 /* Release */ = {
			isa = XCBuildConfiguration;
			buildSettings = {
				ASSETCATALOG_COMPILER_APPICON_NAME = AppIcon;
				ASSETCATALOG_COMPILER_GLOBAL_ACCENT_COLOR_NAME = AccentColor;
				CODE_SIGN_STYLE = Automatic;
				CURRENT_PROJECT_VERSION = 1;
				DEVELOPMENT_TEAM = 9N95K69VQT;
				GENERATE_INFOPLIST_FILE = YES;
				INFOPLIST_FILE = DequeueReusableCell/Info.plist;
				INFOPLIST_KEY_UIApplicationSupportsIndirectInputEvents = YES;
				INFOPLIST_KEY_UILaunchStoryboardName = LaunchScreen;
				INFOPLIST_KEY_UIMainStoryboardFile = Main;
				INFOPLIST_KEY_UISupportedInterfaceOrientations_iPad = "UIInterfaceOrientationPortrait UIInterfaceOrientationPortraitUpsideDown UIInterfaceOrientationLandscapeLeft UIInterfaceOrientationLandscapeRight";
				INFOPLIST_KEY_UISupportedInterfaceOrientations_iPhone = "UIInterfaceOrientationPortrait UIInterfaceOrientationLandscapeLeft UIInterfaceOrientationLandscapeRight";
				LD_RUNPATH_SEARCH_PATHS = (
					"$(inherited)",
					"@executable_path/Frameworks",
				);
				MARKETING_VERSION = 1.0;
				PRODUCT_BUNDLE_IDENTIFIER = AkbarKhan.DequeueReusableCell;
				PRODUCT_NAME = "$(TARGET_NAME)";
				SWIFT_EMIT_LOC_STRINGS = YES;
				SWIFT_VERSION = 5.0;
				TARGETED_DEVICE_FAMILY = "1,2";
			};
			name = Release;
		};
/* End XCBuildConfiguration section */

/* Begin XCConfigurationList section */
		05879B102898FA2600038974 /* Build configuration list for PBXProject "DequeueReusableCell" */ = {
			isa = XCConfigurationList;
			buildConfigurations = (
				05879B272898FA2800038974 /* Debug */,
				05879B282898FA2800038974 /* Release */,
			);
			defaultConfigurationIsVisible = 0;
			defaultConfigurationName = Release;
		};
		05879B292898FA2800038974 /* Build configuration list for PBXNativeTarget "DequeueReusableCell" */ = {
			isa = XCConfigurationList;
			buildConfigurations = (
				05879B2A2898FA2800038974 /* Debug */,
				05879B2B2898FA2800038974 /* Release */,
			);
			defaultConfigurationIsVisible = 0;
			defaultConfigurationName = Release;
		};
/* End XCConfigurationList section */
	};
	rootObject = 05879B0D2898FA2600038974 /* Project object */;
}
